// !$*UTF8*$!
{
	archiveVersion = 1;
	classes = {
	};
	objectVersion = 55;
	objects = {

/* Begin PBXBuildFile section */
		8F9823C728A9379200225D81 /* DetailsVC.swift in Sources */ = {isa = PBXBuildFile; fileRef = 8F9823C628A9379200225D81 /* DetailsVC.swift */; };
		8F9823C928A93C9100225D81 /* PlaceModel.swift in Sources */ = {isa = PBXBuildFile; fileRef = 8F9823C828A93C9000225D81 /* PlaceModel.swift */; };
		8FBD5C2828A8576C00AB8A52 /* AppDelegate.swift in Sources */ = {isa = PBXBuildFile; fileRef = 8FBD5C2728A8576C00AB8A52 /* AppDelegate.swift */; };
		8FBD5C2A28A8576C00AB8A52 /* SceneDelegate.swift in Sources */ = {isa = PBXBuildFile; fileRef = 8FBD5C2928A8576C00AB8A52 /* SceneDelegate.swift */; };
		8FBD5C2C28A8576C00AB8A52 /* SignUpVC.swift in Sources */ = {isa = PBXBuildFile; fileRef = 8FBD5C2B28A8576C00AB8A52 /* SignUpVC.swift */; };
		8FBD5C2F28A8576C00AB8A52 /* Main.storyboard in Resources */ = {isa = PBXBuildFile; fileRef = 8FBD5C2D28A8576C00AB8A52 /* Main.storyboard */; };
		8FBD5C3128A8576D00AB8A52 /* Assets.xcassets in Resources */ = {isa = PBXBuildFile; fileRef = 8FBD5C3028A8576D00AB8A52 /* Assets.xcassets */; };
		8FBD5C3428A8576D00AB8A52 /* LaunchScreen.storyboard in Resources */ = {isa = PBXBuildFile; fileRef = 8FBD5C3228A8576D00AB8A52 /* LaunchScreen.storyboard */; };
		8FD7F03228A91DA300180B4E /* PlacesVC.swift in Sources */ = {isa = PBXBuildFile; fileRef = 8FD7F03128A91DA300180B4E /* PlacesVC.swift */; };
		8FD7F03428A9292F00180B4E /* AddPlaceVC.swift in Sources */ = {isa = PBXBuildFile; fileRef = 8FD7F03328A9292F00180B4E /* AddPlaceVC.swift */; };
		8FD7F03628A9322400180B4E /* MapVC.swift in Sources */ = {isa = PBXBuildFile; fileRef = 8FD7F03528A9322400180B4E /* MapVC.swift */; };
		98D3C14F4C279540F0DA6277 /* Pods_FoursquareClone.framework in Frameworks */ = {isa = PBXBuildFile; fileRef = D60BF2049A0E9A33BC7F16F8 /* Pods_FoursquareClone.framework */; };
/* End PBXBuildFile section */

/* Begin PBXFileReference section */
		82593C6950CDA3DEE73D5922 /* Pods-FoursquareClone.release.xcconfig */ = {isa = PBXFileReference; includeInIndex = 1; lastKnownFileType = text.xcconfig; name = "Pods-FoursquareClone.release.xcconfig"; path = "Target Support Files/Pods-FoursquareClone/Pods-FoursquareClone.release.xcconfig"; sourceTree = "<group>"; };
		8F9823C628A9379200225D81 /* DetailsVC.swift */ = {isa = PBXFileReference; lastKnownFileType = sourcecode.swift; path = DetailsVC.swift; sourceTree = "<group>"; };
		8F9823C828A93C9000225D81 /* PlaceModel.swift */ = {isa = PBXFileReference; lastKnownFileType = sourcecode.swift; path = PlaceModel.swift; sourceTree = "<group>"; };
		8FBD5C2428A8576C00AB8A52 /* FoursquareClone.app */ = {isa = PBXFileReference; explicitFileType = wrapper.application; includeInIndex = 0; path = FoursquareClone.app; sourceTree = BUILT_PRODUCTS_DIR; };
		8FBD5C2728A8576C00AB8A52 /* AppDelegate.swift */ = {isa = PBXFileReference; lastKnownFileType = sourcecode.swift; path = AppDelegate.swift; sourceTree = "<group>"; };
		8FBD5C2928A8576C00AB8A52 /* SceneDelegate.swift */ = {isa = PBXFileReference; lastKnownFileType = sourcecode.swift; path = SceneDelegate.swift; sourceTree = "<group>"; };
		8FBD5C2B28A8576C00AB8A52 /* SignUpVC.swift */ = {isa = PBXFileReference; lastKnownFileType = sourcecode.swift; path = SignUpVC.swift; sourceTree = "<group>"; };
		8FBD5C2E28A8576C00AB8A52 /* Base */ = {isa = PBXFileReference; lastKnownFileType = file.storyboard; name = Base; path = Base.lproj/Main.storyboard; sourceTree = "<group>"; };
		8FBD5C3028A8576D00AB8A52 /* Assets.xcassets */ = {isa = PBXFileReference; lastKnownFileType = folder.assetcatalog; path = Assets.xcassets; sourceTree = "<group>"; };
		8FBD5C3328A8576D00AB8A52 /* Base */ = {isa = PBXFileReference; lastKnownFileType = file.storyboard; name = Base; path = Base.lproj/LaunchScreen.storyboard; sourceTree = "<group>"; };
		8FBD5C3528A8576D00AB8A52 /* Info.plist */ = {isa = PBXFileReference; lastKnownFileType = text.plist.xml; path = Info.plist; sourceTree = "<group>"; };
		8FD7F03128A91DA300180B4E /* PlacesVC.swift */ = {isa = PBXFileReference; lastKnownFileType = sourcecode.swift; path = PlacesVC.swift; sourceTree = "<group>"; };
		8FD7F03328A9292F00180B4E /* AddPlaceVC.swift */ = {isa = PBXFileReference; lastKnownFileType = sourcecode.swift; path = AddPlaceVC.swift; sourceTree = "<group>"; };
		8FD7F03528A9322400180B4E /* MapVC.swift */ = {isa = PBXFileReference; lastKnownFileType = sourcecode.swift; path = MapVC.swift; sourceTree = "<group>"; };
		965E21C9A9255F544F09F58E /* Pods-FoursquareClone.debug.xcconfig */ = {isa = PBXFileReference; includeInIndex = 1; lastKnownFileType = text.xcconfig; name = "Pods-FoursquareClone.debug.xcconfig"; path = "Target Support Files/Pods-FoursquareClone/Pods-FoursquareClone.debug.xcconfig"; sourceTree = "<group>"; };
		D60BF2049A0E9A33BC7F16F8 /* Pods_FoursquareClone.framework */ = {isa = PBXFileReference; explicitFileType = wrapper.framework; includeInIndex = 0; path = Pods_FoursquareClone.framework; sourceTree = BUILT_PRODUCTS_DIR; };
/* End PBXFileReference section */

/* Begin PBXFrameworksBuildPhase section */
		8FBD5C2128A8576C00AB8A52 /* Frameworks */ = {
			isa = PBXFrameworksBuildPhase;
			buildActionMask = 2147483647;
			files = (
				98D3C14F4C279540F0DA6277 /* Pods_FoursquareClone.framework in Frameworks */,
			);
			runOnlyForDeploymentPostprocessing = 0;
		};
/* End PBXFrameworksBuildPhase section */

/* Begin PBXGroup section */
		420A1148C9D1F8CC7A5B401C /* Frameworks */ = {
			isa = PBXGroup;
			children = (
				D60BF2049A0E9A33BC7F16F8 /* Pods_FoursquareClone.framework */,
			);
			name = Frameworks;
			sourceTree = "<group>";
		};
		776A00629AF3DE5B44766959 /* Pods */ = {
			isa = PBXGroup;
			children = (
				965E21C9A9255F544F09F58E /* Pods-FoursquareClone.debug.xcconfig */,
				82593C6950CDA3DEE73D5922 /* Pods-FoursquareClone.release.xcconfig */,
			);
			path = Pods;
			sourceTree = "<group>";
		};
		8FBD5C1B28A8576C00AB8A52 = {
			isa = PBXGroup;
			children = (
				8FBD5C2628A8576C00AB8A52 /* FoursquareClone */,
				8FBD5C2528A8576C00AB8A52 /* Products */,
				776A00629AF3DE5B44766959 /* Pods */,
				420A1148C9D1F8CC7A5B401C /* Frameworks */,
			);
			sourceTree = "<group>";
		};
		8FBD5C2528A8576C00AB8A52 /* Products */ = {
			isa = PBXGroup;
			children = (
				8FBD5C2428A8576C00AB8A52 /* FoursquareClone.app */,
			);
			name = Products;
			sourceTree = "<group>";
		};
		8FBD5C2628A8576C00AB8A52 /* FoursquareClone */ = {
			isa = PBXGroup;
			children = (
				8FBD5C2728A8576C00AB8A52 /* AppDelegate.swift */,
				8FBD5C2928A8576C00AB8A52 /* SceneDelegate.swift */,
				8FBD5C2B28A8576C00AB8A52 /* SignUpVC.swift */,
				8FD7F03128A91DA300180B4E /* PlacesVC.swift */,
				8FD7F03328A9292F00180B4E /* AddPlaceVC.swift */,
				8FD7F03528A9322400180B4E /* MapVC.swift */,
				8F9823C628A9379200225D81 /* DetailsVC.swift */,
				8F9823C828A93C9000225D81 /* PlaceModel.swift */,
				8FBD5C2D28A8576C00AB8A52 /* Main.storyboard */,
				8FBD5C3028A8576D00AB8A52 /* Assets.xcassets */,
				8FBD5C3228A8576D00AB8A52 /* LaunchScreen.storyboard */,
				8FBD5C3528A8576D00AB8A52 /* Info.plist */,
			);
			path = FoursquareClone;
			sourceTree = "<group>";
		};
/* End PBXGroup section */

/* Begin PBXNativeTarget section */
		8FBD5C2328A8576C00AB8A52 /* FoursquareClone */ = {
			isa = PBXNativeTarget;
			buildConfigurationList = 8FBD5C3828A8576D00AB8A52 /* Build configuration list for PBXNativeTarget "FoursquareClone" */;
			buildPhases = (
				9801CEA01834FA6CBA46D4C7 /* [CP] Check Pods Manifest.lock */,
				8FBD5C2028A8576C00AB8A52 /* Sources */,
				8FBD5C2128A8576C00AB8A52 /* Frameworks */,
				8FBD5C2228A8576C00AB8A52 /* Resources */,
				DD1CF5E665787D9738F13C0C /* [CP] Embed Pods Frameworks */,
			);
			buildRules = (
			);
			dependencies = (
			);
			name = FoursquareClone;
			productName = FoursquareClone;
			productReference = 8FBD5C2428A8576C00AB8A52 /* FoursquareClone.app */;
			productType = "com.apple.product-type.application";
		};
/* End PBXNativeTarget section */

/* Begin PBXProject section */
		8FBD5C1C28A8576C00AB8A52 /* Project object */ = {
			isa = PBXProject;
			attributes = {
				BuildIndependentTargetsInParallel = 1;
				LastSwiftUpdateCheck = 1340;
				LastUpgradeCheck = 1340;
				TargetAttributes = {
					8FBD5C2328A8576C00AB8A52 = {
						CreatedOnToolsVersion = 13.4.1;
					};
				};
			};
			buildConfigurationList = 8FBD5C1F28A8576C00AB8A52 /* Build configuration list for PBXProject "FoursquareClone" */;
			compatibilityVersion = "Xcode 13.0";
			developmentRegion = en;
			hasScannedForEncodings = 0;
			knownRegions = (
				en,
				Base,
			);
			mainGroup = 8FBD5C1B28A8576C00AB8A52;
			productRefGroup = 8FBD5C2528A8576C00AB8A52 /* Products */;
			projectDirPath = "";
			projectRoot = "";
			targets = (
				8FBD5C2328A8576C00AB8A52 /* FoursquareClone */,
			);
		};
/* End PBXProject section */

/* Begin PBXResourcesBuildPhase section */
		8FBD5C2228A8576C00AB8A52 /* Resources */ = {
			isa = PBXResourcesBuildPhase;
			buildActionMask = 2147483647;
			files = (
				8FBD5C3428A8576D00AB8A52 /* LaunchScreen.storyboard in Resources */,
				8FBD5C3128A8576D00AB8A52 /* Assets.xcassets in Resources */,
				8FBD5C2F28A8576C00AB8A52 /* Main.storyboard in Resources */,
			);
			runOnlyForDeploymentPostprocessing = 0;
		};
/* End PBXResourcesBuildPhase section */

/* Begin PBXShellScriptBuildPhase section */
		9801CEA01834FA6CBA46D4C7 /* [CP] Check Pods Manifest.lock */ = {
			isa = PBXShellScriptBuildPhase;
			buildActionMask = 2147483647;
			files = (
			);
			inputFileListPaths = (
			);
			inputPaths = (
				"${PODS_PODFILE_DIR_PATH}/Podfile.lock",
				"${PODS_ROOT}/Manifest.lock",
			);
			name = "[CP] Check Pods Manifest.lock";
			outputFileListPaths = (
			);
			outputPaths = (
				"$(DERIVED_FILE_DIR)/Pods-FoursquareClone-checkManifestLockResult.txt",
			);
			runOnlyForDeploymentPostprocessing = 0;
			shellPath = /bin/sh;
			shellScript = "diff \"${PODS_PODFILE_DIR_PATH}/Podfile.lock\" \"${PODS_ROOT}/Manifest.lock\" > /dev/null\nif [ $? != 0 ] ; then\n    # print error to STDERR\n    echo \"error: The sandbox is not in sync with the Podfile.lock. Run 'pod install' or update your CocoaPods installation.\" >&2\n    exit 1\nfi\n# This output is used by Xcode 'outputs' to avoid re-running this script phase.\necho \"SUCCESS\" > \"${SCRIPT_OUTPUT_FILE_0}\"\n";
			showEnvVarsInLog = 0;
		};
		DD1CF5E665787D9738F13C0C /* [CP] Embed Pods Frameworks */ = {
			isa = PBXShellScriptBuildPhase;
			buildActionMask = 2147483647;
			files = (
			);
			inputFileListPaths = (
				"${PODS_ROOT}/Target Support Files/Pods-FoursquareClone/Pods-FoursquareClone-frameworks-${CONFIGURATION}-input-files.xcfilelist",
			);
			name = "[CP] Embed Pods Frameworks";
			outputFileListPaths = (
				"${PODS_ROOT}/Target Support Files/Pods-FoursquareClone/Pods-FoursquareClone-frameworks-${CONFIGURATION}-output-files.xcfilelist",
			);
			runOnlyForDeploymentPostprocessing = 0;
			shellPath = /bin/sh;
			shellScript = "\"${PODS_ROOT}/Target Support Files/Pods-FoursquareClone/Pods-FoursquareClone-frameworks.sh\"\n";
			showEnvVarsInLog = 0;
		};
/* End PBXShellScriptBuildPhase section */

/* Begin PBXSourcesBuildPhase section */
		8FBD5C2028A8576C00AB8A52 /* Sources */ = {
			isa = PBXSourcesBuildPhase;
			buildActionMask = 2147483647;
			files = (
				8FBD5C2C28A8576C00AB8A52 /* SignUpVC.swift in Sources */,
				8F9823C928A93C9100225D81 /* PlaceModel.swift in Sources */,
				8FD7F03628A9322400180B4E /* MapVC.swift in Sources */,
				8FBD5C2828A8576C00AB8A52 /* AppDelegate.swift in Sources */,
				8FD7F03228A91DA300180B4E /* PlacesVC.swift in Sources */,
				8F9823C728A9379200225D81 /* DetailsVC.swift in Sources */,
				8FD7F03428A9292F00180B4E /* AddPlaceVC.swift in Sources */,
				8FBD5C2A28A8576C00AB8A52 /* SceneDelegate.swift in Sources */,
			);
			runOnlyForDeploymentPostprocessing = 0;
		};
/* End PBXSourcesBuildPhase section */

/* Begin PBXVariantGroup section */
		8FBD5C2D28A8576C00AB8A52 /* Main.storyboard */ = {
			isa = PBXVariantGroup;
			children = (
				8FBD5C2E28A8576C00AB8A52 /* Base */,
			);
			name = Main.storyboard;
			sourceTree = "<group>";
		};
		8FBD5C3228A8576D00AB8A52 /* LaunchScreen.storyboard */ = {
			isa = PBXVariantGroup;
			children = (
				8FBD5C3328A8576D00AB8A52 /* Base */,
			);
			name = LaunchScreen.storyboard;
			sourceTree = "<group>";
		};
/* End PBXVariantGroup section */

/* Begin XCBuildConfiguration section */
		8FBD5C3628A8576D00AB8A52 /* Debug */ = {
			isa = XCBuildConfiguration;
			buildSettings = {
				ALWAYS_SEARCH_USER_PATHS = NO;
				CLANG_ANALYZER_NONNULL = YES;
				CLANG_ANALYZER_NUMBER_OBJECT_CONVERSION = YES_AGGRESSIVE;
				CLANG_CXX_LANGUAGE_STANDARD = "gnu++17";
				CLANG_ENABLE_MODULES = YES;
				CLANG_ENABLE_OBJC_ARC = YES;
				CLANG_ENABLE_OBJC_WEAK = YES;
				CLANG_WARN_BLOCK_CAPTURE_AUTORELEASING = YES;
				CLANG_WARN_BOOL_CONVERSION = YES;
				CLANG_WARN_COMMA = YES;
				CLANG_WARN_CONSTANT_CONVERSION = YES;
				CLANG_WARN_DEPRECATED_OBJC_IMPLEMENTATIONS = YES;
				CLANG_WARN_DIRECT_OBJC_ISA_USAGE = YES_ERROR;
				CLANG_WARN_DOCUMENTATION_COMMENTS = YES;
				CLANG_WARN_EMPTY_BODY = YES;
				CLANG_WARN_ENUM_CONVERSION = YES;
				CLANG_WARN_INFINITE_RECURSION = YES;
				CLANG_WARN_INT_CONVERSION = YES;
				CLANG_WARN_NON_LITERAL_NULL_CONVERSION = YES;
				CLANG_WARN_OBJC_IMPLICIT_RETAIN_SELF = YES;
				CLANG_WARN_OBJC_LITERAL_CONVERSION = YES;
				CLANG_WARN_OBJC_ROOT_CLASS = YES_ERROR;
				CLANG_WARN_QUOTED_INCLUDE_IN_FRAMEWORK_HEADER = YES;
				CLANG_WARN_RANGE_LOOP_ANALYSIS = YES;
				CLANG_WARN_STRICT_PROTOTYPES = YES;
				CLANG_WARN_SUSPICIOUS_MOVE = YES;
				CLANG_WARN_UNGUARDED_AVAILABILITY = YES_AGGRESSIVE;
				CLANG_WARN_UNREACHABLE_CODE = YES;
				CLANG_WARN__DUPLICATE_METHOD_MATCH = YES;
				COPY_PHASE_STRIP = NO;
				DEBUG_INFORMATION_FORMAT = dwarf;
				ENABLE_STRICT_OBJC_MSGSEND = YES;
				ENABLE_TESTABILITY = YES;
				GCC_C_LANGUAGE_STANDARD = gnu11;
				GCC_DYNAMIC_NO_PIC = NO;
				GCC_NO_COMMON_BLOCKS = YES;
				GCC_OPTIMIZATION_LEVEL = 0;
				GCC_PREPROCESSOR_DEFINITIONS = (
					"DEBUG=1",
					"$(inherited)",
				);
				GCC_WARN_64_TO_32_BIT_CONVERSION = YES;
				GCC_WARN_ABOUT_RETURN_TYPE = YES_ERROR;
				GCC_WARN_UNDECLARED_SELECTOR = YES;
				GCC_WARN_UNINITIALIZED_AUTOS = YES_AGGRESSIVE;
				GCC_WARN_UNUSED_FUNCTION = YES;
				GCC_WARN_UNUSED_VARIABLE = YES;
				IPHONEOS_DEPLOYMENT_TARGET = 15.5;
				MTL_ENABLE_DEBUG_INFO = INCLUDE_SOURCE;
				MTL_FAST_MATH = YES;
				ONLY_ACTIVE_ARCH = YES;
				SDKROOT = iphoneos;
				SWIFT_ACTIVE_COMPILATION_CONDITIONS = DEBUG;
				SWIFT_OPTIMIZATION_LEVEL = "-Onone";
			};
			name = Debug;
		};
		8FBD5C3728A8576D00AB8A52 /* Release */ = {
			isa = XCBuildConfiguration;
			buildSettings = {
				ALWAYS_SEARCH_USER_PATHS = NO;
				CLANG_ANALYZER_NONNULL = YES;
				CLANG_ANALYZER_NUMBER_OBJECT_CONVERSION = YES_AGGRESSIVE;
				CLANG_CXX_LANGUAGE_STANDARD = "gnu++17";
				CLANG_ENABLE_MODULES = YES;
				CLANG_ENABLE_OBJC_ARC = YES;
				CLANG_ENABLE_OBJC_WEAK = YES;
				CLANG_WARN_BLOCK_CAPTURE_AUTORELEASING = YES;
				CLANG_WARN_BOOL_CONVERSION = YES;
				CLANG_WARN_COMMA = YES;
				CLANG_WARN_CONSTANT_CONVERSION = YES;
				CLANG_WARN_DEPRECATED_OBJC_IMPLEMENTATIONS = YES;
				CLANG_WARN_DIRECT_OBJC_ISA_USAGE = YES_ERROR;
				CLANG_WARN_DOCUMENTATION_COMMENTS = YES;
				CLANG_WARN_EMPTY_BODY = YES;
				CLANG_WARN_ENUM_CONVERSION = YES;
				CLANG_WARN_INFINITE_RECURSION = YES;
				CLANG_WARN_INT_CONVERSION = YES;
				CLANG_WARN_NON_LITERAL_NULL_CONVERSION = YES;
				CLANG_WARN_OBJC_IMPLICIT_RETAIN_SELF = YES;
				CLANG_WARN_OBJC_LITERAL_CONVERSION = YES;
				CLANG_WARN_OBJC_ROOT_CLASS = YES_ERROR;
				CLANG_WARN_QUOTED_INCLUDE_IN_FRAMEWORK_HEADER = YES;
				CLANG_WARN_RANGE_LOOP_ANALYSIS = YES;
				CLANG_WARN_STRICT_PROTOTYPES = YES;
				CLANG_WARN_SUSPICIOUS_MOVE = YES;
				CLANG_WARN_UNGUARDED_AVAILABILITY = YES_AGGRESSIVE;
				CLANG_WARN_UNREACHABLE_CODE = YES;
				CLANG_WARN__DUPLICATE_METHOD_MATCH = YES;
				COPY_PHASE_STRIP = NO;
				DEBUG_INFORMATION_FORMAT = "dwarf-with-dsym";
				ENABLE_NS_ASSERTIONS = NO;
				ENABLE_STRICT_OBJC_MSGSEND = YES;
				GCC_C_LANGUAGE_STANDARD = gnu11;
				GCC_NO_COMMON_BLOCKS = YES;
				GCC_WARN_64_TO_32_BIT_CONVERSION = YES;
				GCC_WARN_ABOUT_RETURN_TYPE = YES_ERROR;
				GCC_WARN_UNDECLARED_SELECTOR = YES;
				GCC_WARN_UNINITIALIZED_AUTOS = YES_AGGRESSIVE;
				GCC_WARN_UNUSED_FUNCTION = YES;
				GCC_WARN_UNUSED_VARIABLE = YES;
				IPHONEOS_DEPLOYMENT_TARGET = 15.5;
				MTL_ENABLE_DEBUG_INFO = NO;
				MTL_FAST_MATH = YES;
				SDKROOT = iphoneos;
				SWIFT_COMPILATION_MODE = wholemodule;
				SWIFT_OPTIMIZATION_LEVEL = "-O";
				VALIDATE_PRODUCT = YES;
			};
			name = Release;
		};
		8FBD5C3928A8576D00AB8A52 /* Debug */ = {
			isa = XCBuildConfiguration;
			baseConfigurationReference = 965E21C9A9255F544F09F58E /* Pods-FoursquareClone.debug.xcconfig */;
			buildSettings = {
				ASSETCATALOG_COMPILER_APPICON_NAME = AppIcon;
				ASSETCATALOG_COMPILER_GLOBAL_ACCENT_COLOR_NAME = AccentColor;
				CODE_SIGN_STYLE = Automatic;
				CURRENT_PROJECT_VERSION = 1;
				GENERATE_INFOPLIST_FILE = YES;
				INFOPLIST_FILE = FoursquareClone/Info.plist;
				INFOPLIST_KEY_UIApplicationSupportsIndirectInputEvents = YES;
				INFOPLIST_KEY_UILaunchStoryboardName = LaunchScreen;
				INFOPLIST_KEY_UIMainStoryboardFile = Main;
				INFOPLIST_KEY_UISupportedInterfaceOrientations_iPad = "UIInterfaceOrientationPortrait UIInterfaceOrientationPortraitUpsideDown UIInterfaceOrientationLandscapeLeft UIInterfaceOrientationLandscapeRight";
				INFOPLIST_KEY_UISupportedInterfaceOrientations_iPhone = "UIInterfaceOrientationPortrait UIInterfaceOrientationLandscapeLeft UIInterfaceOrientationLandscapeRight";
				LD_RUNPATH_SEARCH_PATHS = (
					"$(inherited)",
					"@executable_path/Frameworks",
				);
				MARKETING_VERSION = 1.0;
				PRODUCT_BUNDLE_IDENTIFIER = oguzhansever.FoursquareClone;
				PRODUCT_NAME = "$(TARGET_NAME)";
				SWIFT_EMIT_LOC_STRINGS = YES;
				SWIFT_VERSION = 5.0;
				TARGETED_DEVICE_FAMILY = "1,2";
			};
			name = Debug;
		};
		8FBD5C3A28A8576D00AB8A52 /* Release */ = {
			isa = XCBuildConfiguration;
			baseConfigurationReference = 82593C6950CDA3DEE73D5922 /* Pods-FoursquareClone.release.xcconfig */;
			buildSettings = {
				ASSETCATALOG_COMPILER_APPICON_NAME = AppIcon;
				ASSETCATALOG_COMPILER_GLOBAL_ACCENT_COLOR_NAME = AccentColor;
				CODE_SIGN_STYLE = Automatic;
				CURRENT_PROJECT_VERSION = 1;
				GENERATE_INFOPLIST_FILE = YES;
				INFOPLIST_FILE = FoursquareClone/Info.plist;
				INFOPLIST_KEY_UIApplicationSupportsIndirectInputEvents = YES;
				INFOPLIST_KEY_UILaunchStoryboardName = LaunchScreen;
				INFOPLIST_KEY_UIMainStoryboardFile = Main;
				INFOPLIST_KEY_UISupportedInterfaceOrientations_iPad = "UIInterfaceOrientationPortrait UIInterfaceOrientationPortraitUpsideDown UIInterfaceOrientationLandscapeLeft UIInterfaceOrientationLandscapeRight";
				INFOPLIST_KEY_UISupportedInterfaceOrientations_iPhone = "UIInterfaceOrientationPortrait UIInterfaceOrientationLandscapeLeft UIInterfaceOrientationLandscapeRight";
				LD_RUNPATH_SEARCH_PATHS = (
					"$(inherited)",
					"@executable_path/Frameworks",
				);
				MARKETING_VERSION = 1.0;
				PRODUCT_BUNDLE_IDENTIFIER = oguzhansever.FoursquareClone;
				PRODUCT_NAME = "$(TARGET_NAME)";
				SWIFT_EMIT_LOC_STRINGS = YES;
				SWIFT_VERSION = 5.0;
				TARGETED_DEVICE_FAMILY = "1,2";
			};
			name = Release;
		};
/* End XCBuildConfiguration section */

/* Begin XCConfigurationList section */
		8FBD5C1F28A8576C00AB8A52 /* Build configuration list for PBXProject "FoursquareClone" */ = {
			isa = XCConfigurationList;
			buildConfigurations = (
				8FBD5C3628A8576D00AB8A52 /* Debug */,
				8FBD5C3728A8576D00AB8A52 /* Release */,
			);
			defaultConfigurationIsVisible = 0;
			defaultConfigurationName = Release;
		};
		8FBD5C3828A8576D00AB8A52 /* Build configuration list for PBXNativeTarget "FoursquareClone" */ = {
			isa = XCConfigurationList;
			buildConfigurations = (
				8FBD5C3928A8576D00AB8A52 /* Debug */,
				8FBD5C3A28A8576D00AB8A52 /* Release */,
			);
			defaultConfigurationIsVisible = 0;
			defaultConfigurationName = Release;
		};
/* End XCConfigurationList section */
	};
	rootObject = 8FBD5C1C28A8576C00AB8A52 /* Project object */;
}
